{
  "requires": true,
  "lockfileVersion": 1,
  "dependencies": {
    "react-parallax": {
      "version": "2.2.0",
      "resolved": "https://registry.npmjs.org/react-parallax/-/react-parallax-2.2.0.tgz",
      "integrity": "sha512-nBOfrfuxjeAUjnovJfDygEh4c7YsiuSylzxI81kqovedI/zvwoHM6CwFiqkRWkTOEqt0TamKtd5N8j7KR6jEHA=="
    }
  }
}
